apiVersion: vendir.k14s.io/v1alpha1
directories:
- contents:
  - githubRelease:
      url: https://api.github.com/repos/vmware-tanzu/cartographer/releases/64381985
    path: .
  path: ./src/cartographer/config/upstream/cartographer
- contents:
  - githubRelease:
      url: https://api.github.com/repos/vmware-tanzu/cartographer-conventions/releases/63805206
    path: .
  path: ./src/cartographer/config/upstream/cartographer-conventions
- contents:
  - githubRelease:
      url: https://api.github.com/repos/vmware-tanzu/cartographer-conventions/releases/63805206
    path: .
  path: ./tests/01-test-convention-setup
- contents:
  - git:
      commitTitle: 'src: rename role -> clusterrole...'
      sha: 8931d79c9ef611120a652ac0a4e0b5796248b810
      tags:
      - v0.3.0
    path: .
  path: ./src/cartographer-catalog/config/upstream/cartographer-catalog
kind: LockConfig
