apiVersion: vendir.k14s.io/v1alpha1
directories:
- contents:
  - githubRelease:
      url: https://api.github.com/repos/vmware-tanzu/cartographer/releases/63386175
    path: .
  path: ./src/cartographer/config/upstream/cartographer
- contents:
  - githubRelease:
      url: https://api.github.com/repos/vmware-tanzu/cartographer-conventions/releases/63805206
    path: .
  path: ./src/cartographer/config/upstream/cartographer-conventions
- contents:
  - githubRelease:
      url: https://api.github.com/repos/vmware-tanzu/cartographer-conventions/releases/63805206
    path: .
  path: ./tests/01-test-convention-setup
- contents:
  - git:
      commitTitle: 'src: bypass any use of conventions...'
      sha: e2b0403e3be8ff15c9695222fd18b7a75a145c14
    path: .
  path: ./src/cartographer-catalog/config/upstream/cartographer-catalog
kind: LockConfig
