apiVersion: vendir.k14s.io/v1alpha1
directories:
- contents:
  - githubRelease:
      url: https://api.github.com/repos/vmware-tanzu/cartographer/releases/75908269
    path: .
  path: ./src/cartographer/config/upstream/cartographer
- contents:
  - githubRelease:
      url: https://api.github.com/repos/vmware-tanzu/cartographer-conventions/releases/81094475
    path: .
  path: ./src/cartographer/config/upstream/cartographer-conventions
- contents:
  - githubRelease:
      url: https://api.github.com/repos/vmware-tanzu/cartographer-conventions/releases/81094475
    path: .
  path: ./tests/01-test-convention-setup
kind: LockConfig
